
Microsoft Visual Studio Solution File, Format Version 12.00
# Visual Studio Version 17
VisualStudioVersion = 17.5.33627.172
MinimumVisualStudioVersion = 10.0.40219.1
Project("{9A19103F-16F7-4668-BE54-9A1E7A4F7556}") = "PaperlessREST", "src\PaperlessREST\PaperlessREST.csproj", "{FBBEEEEB-F3F5-45FA-9442-C8800E72FD75}"
EndProject
Project("{9A19103F-16F7-4668-BE54-9A1E7A4F7556}") = "PaperlessREST.BusinessLogic", "src\PaperlessREST.BusinessLogic\PaperlessREST.BusinessLogic.csproj", "{32918C03-575A-454C-9239-51EE1B6C5DB2}"
EndProject
Project("{9A19103F-16F7-4668-BE54-9A1E7A4F7556}") = "PaperlessREST.BusinessLogic.Entities", "src\PaperlessREST.BusinessLogic.Entities\PaperlessREST.BusinessLogic.Entities.csproj", "{BB152068-F164-41C5-83DC-9ED786985D06}"
EndProject
Project("{9A19103F-16F7-4668-BE54-9A1E7A4F7556}") = "PaperlessREST.BusinessLogic.Interfaces", "src\PaperlessREST.BusinessLogic.Interfaces\PaperlessREST.BusinessLogic.Interfaces.csproj", "{9A60C026-297A-4370-9831-A81754AF86CB}"
EndProject
Project("{9A19103F-16F7-4668-BE54-9A1E7A4F7556}") = "PaperlessREST.BusinessLogic.Tests", "src\PaperlessREST.BusinessLogic.Tests\PaperlessREST.BusinessLogic.Tests.csproj", "{278D9010-9D4F-4839-9CC5-BAEAFB409B96}"
EndProject
Project("{9A19103F-16F7-4668-BE54-9A1E7A4F7556}") = "PaperlessREST.DataAccess.Entities", "src\PaperlessREST.DataAccess.Entities\PaperlessREST.DataAccess.Entities.csproj", "{4E83142A-9F82-4CB6-AB5C-78AAEEB3C278}"
EndProject
Project("{9A19103F-16F7-4668-BE54-9A1E7A4F7556}") = "PaperlessREST.DataAccess.Interfaces", "src\PaperlessREST.DataAccess.Interfaces\PaperlessREST.DataAccess.Interfaces.csproj", "{88C41F6E-3C31-475B-8BBA-477E4EDAFB47}"
EndProject
Project("{9A19103F-16F7-4668-BE54-9A1E7A4F7556}") = "PaperlessREST.DataAccess.Sql", "src\PaperlessREST.DataAccess.Sql\PaperlessREST.DataAccess.Sql.csproj", "{A1637DB6-3DE9-4DEF-B8C3-7FD8A503F96C}"
EndProject
Project("{9A19103F-16F7-4668-BE54-9A1E7A4F7556}") = "PaperlessREST.DataAccess.Tests", "src\PaperlessREST.DataAccess.Tests\PaperlessREST.DataAccess.Tests.csproj", "{5119E03D-698D-4A3E-8E33-4FB44D322865}"
EndProject
Project("{9A19103F-16F7-4668-BE54-9A1E7A4F7556}") = "PaperlessREST.Entities", "src\PaperlessREST.Entities\PaperlessREST.Entities.csproj", "{7BD07E36-3E63-412E-AFEF-F335D3C5DC30}"
EndProject
Project("{9A19103F-16F7-4668-BE54-9A1E7A4F7556}") = "PaperlessREST.ServiceAgents.Interfaces", "src\PaperlessREST.ServiceAgents.Interfaces\PaperlessREST.ServiceAgents.Interfaces.csproj", "{227B5EAC-DA5B-413E-AE31-7922270EB7F1}"
EndProject
Project("{2150E333-8FDC-42A3-9474-1A3956D46DE8}") = "Projektmappenelemente", "Projektmappenelemente", "{D9E1D402-4DB7-48DC-9225-1DF80886DEBF}"
	ProjectSection(SolutionItems) = preProject
		src\PaperlessREST.ServiceAgents.Tests\PaperlessREST.ServiceAgents.Tests.csproj = src\PaperlessREST.ServiceAgents.Tests\PaperlessREST.ServiceAgents.Tests.csproj
	EndProjectSection
EndProject
Project("{9A19103F-16F7-4668-BE54-9A1E7A4F7556}") = "PaperlessREST.ServiceAgents", "src\PaperlessREST.ServiceAgents\PaperlessREST.ServiceAgents.csproj", "{DC14B886-F971-4113-94B4-666FFB236A06}"
EndProject
Global
	GlobalSection(SolutionConfigurationPlatforms) = preSolution
		Debug|Any CPU = Debug|Any CPU
		Release|Any CPU = Release|Any CPU
	EndGlobalSection
	GlobalSection(ProjectConfigurationPlatforms) = postSolution
		{FBBEEEEB-F3F5-45FA-9442-C8800E72FD75}.Debug|Any CPU.ActiveCfg = Debug|Any CPU
		{FBBEEEEB-F3F5-45FA-9442-C8800E72FD75}.Debug|Any CPU.Build.0 = Debug|Any CPU
		{FBBEEEEB-F3F5-45FA-9442-C8800E72FD75}.Release|Any CPU.ActiveCfg = Release|Any CPU
		{FBBEEEEB-F3F5-45FA-9442-C8800E72FD75}.Release|Any CPU.Build.0 = Release|Any CPU
		{32918C03-575A-454C-9239-51EE1B6C5DB2}.Debug|Any CPU.ActiveCfg = Debug|Any CPU
		{32918C03-575A-454C-9239-51EE1B6C5DB2}.Debug|Any CPU.Build.0 = Debug|Any CPU
		{32918C03-575A-454C-9239-51EE1B6C5DB2}.Release|Any CPU.ActiveCfg = Release|Any CPU
		{32918C03-575A-454C-9239-51EE1B6C5DB2}.Release|Any CPU.Build.0 = Release|Any CPU
		{BB152068-F164-41C5-83DC-9ED786985D06}.Debug|Any CPU.ActiveCfg = Debug|Any CPU
		{BB152068-F164-41C5-83DC-9ED786985D06}.Debug|Any CPU.Build.0 = Debug|Any CPU
		{BB152068-F164-41C5-83DC-9ED786985D06}.Release|Any CPU.ActiveCfg = Release|Any CPU
		{BB152068-F164-41C5-83DC-9ED786985D06}.Release|Any CPU.Build.0 = Release|Any CPU
		{9A60C026-297A-4370-9831-A81754AF86CB}.Debug|Any CPU.ActiveCfg = Debug|Any CPU
		{9A60C026-297A-4370-9831-A81754AF86CB}.Debug|Any CPU.Build.0 = Debug|Any CPU
		{9A60C026-297A-4370-9831-A81754AF86CB}.Release|Any CPU.ActiveCfg = Release|Any CPU
		{9A60C026-297A-4370-9831-A81754AF86CB}.Release|Any CPU.Build.0 = Release|Any CPU
		{278D9010-9D4F-4839-9CC5-BAEAFB409B96}.Debug|Any CPU.ActiveCfg = Debug|Any CPU
		{278D9010-9D4F-4839-9CC5-BAEAFB409B96}.Debug|Any CPU.Build.0 = Debug|Any CPU
		{278D9010-9D4F-4839-9CC5-BAEAFB409B96}.Release|Any CPU.ActiveCfg = Release|Any CPU
		{278D9010-9D4F-4839-9CC5-BAEAFB409B96}.Release|Any CPU.Build.0 = Release|Any CPU
		{4E83142A-9F82-4CB6-AB5C-78AAEEB3C278}.Debug|Any CPU.ActiveCfg = Debug|Any CPU
		{4E83142A-9F82-4CB6-AB5C-78AAEEB3C278}.Debug|Any CPU.Build.0 = Debug|Any CPU
		{4E83142A-9F82-4CB6-AB5C-78AAEEB3C278}.Release|Any CPU.ActiveCfg = Release|Any CPU
		{4E83142A-9F82-4CB6-AB5C-78AAEEB3C278}.Release|Any CPU.Build.0 = Release|Any CPU
		{88C41F6E-3C31-475B-8BBA-477E4EDAFB47}.Debug|Any CPU.ActiveCfg = Debug|Any CPU
		{88C41F6E-3C31-475B-8BBA-477E4EDAFB47}.Debug|Any CPU.Build.0 = Debug|Any CPU
		{88C41F6E-3C31-475B-8BBA-477E4EDAFB47}.Release|Any CPU.ActiveCfg = Release|Any CPU
		{88C41F6E-3C31-475B-8BBA-477E4EDAFB47}.Release|Any CPU.Build.0 = Release|Any CPU
		{A1637DB6-3DE9-4DEF-B8C3-7FD8A503F96C}.Debug|Any CPU.ActiveCfg = Debug|Any CPU
		{A1637DB6-3DE9-4DEF-B8C3-7FD8A503F96C}.Debug|Any CPU.Build.0 = Debug|Any CPU
		{A1637DB6-3DE9-4DEF-B8C3-7FD8A503F96C}.Release|Any CPU.ActiveCfg = Release|Any CPU
		{A1637DB6-3DE9-4DEF-B8C3-7FD8A503F96C}.Release|Any CPU.Build.0 = Release|Any CPU
		{5119E03D-698D-4A3E-8E33-4FB44D322865}.Debug|Any CPU.ActiveCfg = Debug|Any CPU
		{5119E03D-698D-4A3E-8E33-4FB44D322865}.Debug|Any CPU.Build.0 = Debug|Any CPU
		{5119E03D-698D-4A3E-8E33-4FB44D322865}.Release|Any CPU.ActiveCfg = Release|Any CPU
		{5119E03D-698D-4A3E-8E33-4FB44D322865}.Release|Any CPU.Build.0 = Release|Any CPU
		{7BD07E36-3E63-412E-AFEF-F335D3C5DC30}.Debug|Any CPU.ActiveCfg = Debug|Any CPU
		{7BD07E36-3E63-412E-AFEF-F335D3C5DC30}.Debug|Any CPU.Build.0 = Debug|Any CPU
		{7BD07E36-3E63-412E-AFEF-F335D3C5DC30}.Release|Any CPU.ActiveCfg = Release|Any CPU
		{7BD07E36-3E63-412E-AFEF-F335D3C5DC30}.Release|Any CPU.Build.0 = Release|Any CPU
		{227B5EAC-DA5B-413E-AE31-7922270EB7F1}.Debug|Any CPU.ActiveCfg = Debug|Any CPU
		{227B5EAC-DA5B-413E-AE31-7922270EB7F1}.Debug|Any CPU.Build.0 = Debug|Any CPU
		{227B5EAC-DA5B-413E-AE31-7922270EB7F1}.Release|Any CPU.ActiveCfg = Release|Any CPU
		{227B5EAC-DA5B-413E-AE31-7922270EB7F1}.Release|Any CPU.Build.0 = Release|Any CPU
		{DC14B886-F971-4113-94B4-666FFB236A06}.Debug|Any CPU.ActiveCfg = Debug|Any CPU
		{DC14B886-F971-4113-94B4-666FFB236A06}.Debug|Any CPU.Build.0 = Debug|Any CPU
		{DC14B886-F971-4113-94B4-666FFB236A06}.Release|Any CPU.ActiveCfg = Release|Any CPU
		{DC14B886-F971-4113-94B4-666FFB236A06}.Release|Any CPU.Build.0 = Release|Any CPU
		{F3820A25-F753-4863-9221-7CB7B54151D3}.Debug|Any CPU.ActiveCfg = Debug|Any CPU
		{F3820A25-F753-4863-9221-7CB7B54151D3}.Debug|Any CPU.Build.0 = Debug|Any CPU
		{F3820A25-F753-4863-9221-7CB7B54151D3}.Release|Any CPU.ActiveCfg = Release|Any CPU
		{F3820A25-F753-4863-9221-7CB7B54151D3}.Release|Any CPU.Build.0 = Release|Any CPU
	EndGlobalSection
	GlobalSection(SolutionProperties) = preSolution
		HideSolutionNode = FALSE
	EndGlobalSection
	GlobalSection(ExtensibilityGlobals) = postSolution
		SolutionGuid = {311A4373-4795-4C3B-A816-3F8A40083CDA}
	EndGlobalSection
EndGlobal
