
Microsoft Visual Studio Solution File, Format Version 12.00
# Visual Studio Version 17
VisualStudioVersion = 17.5.33627.172
MinimumVisualStudioVersion = 10.0.40219.1
<<<<<<< HEAD
Project("{9A19103F-16F7-4668-BE54-9A1E7A4F7556}") = "PaperlessREST", "src\PaperlessREST\PaperlessREST.csproj", "{79D1DDA9-1FAE-4532-ABC6-5C24F9C432D5}"
	ProjectSection(ProjectDependencies) = postProject
		{536A1EE3-C0C7-4872-992F-2C7CA2396581} = {536A1EE3-C0C7-4872-992F-2C7CA2396581}
		{5E1E59DA-D485-4F2F-BC28-87918D99CA9D} = {5E1E59DA-D485-4F2F-BC28-87918D99CA9D}
		{740B1BBB-09CF-4F92-996C-0E3F1B6DB73C} = {740B1BBB-09CF-4F92-996C-0E3F1B6DB73C}
		{9AD9738A-06FD-4E8B-8192-3E882AB3CB14} = {9AD9738A-06FD-4E8B-8192-3E882AB3CB14}
		{D89E5047-47EF-471F-9563-494A72318828} = {D89E5047-47EF-471F-9563-494A72318828}
	EndProjectSection
EndProject
Project("{9A19103F-16F7-4668-BE54-9A1E7A4F7556}") = "PaperlessREST.BusinessLogic", "src\PaperlessREST.BusinessLogic\PaperlessREST.BusinessLogic.csproj", "{D89E5047-47EF-471F-9563-494A72318828}"
EndProject
Project("{9A19103F-16F7-4668-BE54-9A1E7A4F7556}") = "PaperlessREST.BusinessLogic.Entities", "src\PaperlessREST.BusinessLogic.Entities\PaperlessREST.BusinessLogic.Entities.csproj", "{9AD9738A-06FD-4E8B-8192-3E882AB3CB14}"
EndProject
Project("{9A19103F-16F7-4668-BE54-9A1E7A4F7556}") = "PaperlessREST.BusinessLogic.Interfaces", "src\PaperlessREST.BusinessLogic.Interfaces\PaperlessREST.BusinessLogic.Interfaces.csproj", "{740B1BBB-09CF-4F92-996C-0E3F1B6DB73C}"
EndProject
Project("{9A19103F-16F7-4668-BE54-9A1E7A4F7556}") = "PaperlessREST.BusinessLogic.Tests", "src\PaperlessREST.BusinessLogic.Tests\PaperlessREST.BusinessLogic.Tests.csproj", "{536A1EE3-C0C7-4872-992F-2C7CA2396581}"
EndProject
Project("{9A19103F-16F7-4668-BE54-9A1E7A4F7556}") = "PaperlessREST.Entities", "src\PaperlessREST.Entities\PaperlessREST.Entities.csproj", "{5E1E59DA-D485-4F2F-BC28-87918D99CA9D}"
EndProject
Project("{FAE04EC0-301F-11D3-BF4B-00C04F79EFBC}") = "PaperlessREST.DataAccess.Entities", "src\PaperlessREST.DataAccess.Entities\PaperlessREST.DataAccess.Entities.csproj", "{C2B929DF-F41F-4554-BD96-3999A35DE548}"
EndProject
Project("{FAE04EC0-301F-11D3-BF4B-00C04F79EFBC}") = "PaperlessREST.DataAccess.Interfaces", "src\PaperlessREST.DataAccess.Interfaces\PaperlessREST.DataAccess.Interfaces.csproj", "{9154D5EE-DDB9-441E-B9EC-1E2955C7B76D}"
EndProject
Project("{FAE04EC0-301F-11D3-BF4B-00C04F79EFBC}") = "PaperlessREST.DataAccess.Sql", "src\PaperlessREST.DataAccess.Sql\PaperlessREST.DataAccess.Sql.csproj", "{4B96CA89-44B2-4ABF-8B4B-6BE7F80B7242}"
EndProject
Project("{FAE04EC0-301F-11D3-BF4B-00C04F79EFBC}") = "PaperlessREST.DataAccess.Tests", "src\PaperlessREST.DataAccess.Tests\PaperlessREST.DataAccess.Tests.csproj", "{98027073-F36E-4842-83FC-04ED8E27ED25}"
=======
Project("{9A19103F-16F7-4668-BE54-9A1E7A4F7556}") = "PaperlessREST", "src\PaperlessREST\PaperlessREST.csproj", "{FBBEEEEB-F3F5-45FA-9442-C8800E72FD75}"
EndProject
Project("{FAE04EC0-301F-11D3-BF4B-00C04F79EFBC}") = "PaperlessREST.BusinessLogic", "src\PaperlessREST.BusinessLogic\PaperlessREST.BusinessLogic.csproj", "{32918C03-575A-454C-9239-51EE1B6C5DB2}"
EndProject
Project("{FAE04EC0-301F-11D3-BF4B-00C04F79EFBC}") = "PaperlessREST.BusinessLogic.Entities", "src\PaperlessREST.BusinessLogic.Entities\PaperlessREST.BusinessLogic.Entities.csproj", "{BB152068-F164-41C5-83DC-9ED786985D06}"
EndProject
Project("{FAE04EC0-301F-11D3-BF4B-00C04F79EFBC}") = "PaperlessREST.BusinessLogic.Interfaces", "src\PaperlessREST.BusinessLogic.Interfaces\PaperlessREST.BusinessLogic.Interfaces.csproj", "{9A60C026-297A-4370-9831-A81754AF86CB}"
EndProject
Project("{FAE04EC0-301F-11D3-BF4B-00C04F79EFBC}") = "PaperlessREST.BusinessLogic.Tests", "src\PaperlessREST.BusinessLogic.Tests\PaperlessREST.BusinessLogic.Tests.csproj", "{278D9010-9D4F-4839-9CC5-BAEAFB409B96}"
EndProject
Project("{FAE04EC0-301F-11D3-BF4B-00C04F79EFBC}") = "PaperlessREST.DataAccess.Entities", "src\PaperlessREST.DataAccess.Entities\PaperlessREST.DataAccess.Entities.csproj", "{4E83142A-9F82-4CB6-AB5C-78AAEEB3C278}"
EndProject
Project("{FAE04EC0-301F-11D3-BF4B-00C04F79EFBC}") = "PaperlessREST.DataAccess.Interfaces", "src\PaperlessREST.DataAccess.Interfaces\PaperlessREST.DataAccess.Interfaces.csproj", "{88C41F6E-3C31-475B-8BBA-477E4EDAFB47}"
EndProject
Project("{FAE04EC0-301F-11D3-BF4B-00C04F79EFBC}") = "PaperlessREST.DataAccess.Sql", "src\PaperlessREST.DataAccess.Sql\PaperlessREST.DataAccess.Sql.csproj", "{A1637DB6-3DE9-4DEF-B8C3-7FD8A503F96C}"
EndProject
Project("{FAE04EC0-301F-11D3-BF4B-00C04F79EFBC}") = "PaperlessREST.DataAccess.Tests", "src\PaperlessREST.DataAccess.Tests\PaperlessREST.DataAccess.Tests.csproj", "{5119E03D-698D-4A3E-8E33-4FB44D322865}"
EndProject
Project("{FAE04EC0-301F-11D3-BF4B-00C04F79EFBC}") = "PaperlessREST.Entities", "src\PaperlessREST.Entities\PaperlessREST.Entities.csproj", "{7BD07E36-3E63-412E-AFEF-F335D3C5DC30}"
>>>>>>> dev
EndProject
Global
	GlobalSection(SolutionConfigurationPlatforms) = preSolution
		Debug|Any CPU = Debug|Any CPU
		Release|Any CPU = Release|Any CPU
	EndGlobalSection
	GlobalSection(ProjectConfigurationPlatforms) = postSolution
<<<<<<< HEAD
		{79D1DDA9-1FAE-4532-ABC6-5C24F9C432D5}.Debug|Any CPU.ActiveCfg = Debug|Any CPU
		{79D1DDA9-1FAE-4532-ABC6-5C24F9C432D5}.Debug|Any CPU.Build.0 = Debug|Any CPU
		{79D1DDA9-1FAE-4532-ABC6-5C24F9C432D5}.Release|Any CPU.ActiveCfg = Release|Any CPU
		{79D1DDA9-1FAE-4532-ABC6-5C24F9C432D5}.Release|Any CPU.Build.0 = Release|Any CPU
		{D89E5047-47EF-471F-9563-494A72318828}.Debug|Any CPU.ActiveCfg = Debug|Any CPU
		{D89E5047-47EF-471F-9563-494A72318828}.Debug|Any CPU.Build.0 = Debug|Any CPU
		{D89E5047-47EF-471F-9563-494A72318828}.Release|Any CPU.ActiveCfg = Release|Any CPU
		{D89E5047-47EF-471F-9563-494A72318828}.Release|Any CPU.Build.0 = Release|Any CPU
		{9AD9738A-06FD-4E8B-8192-3E882AB3CB14}.Debug|Any CPU.ActiveCfg = Debug|Any CPU
		{9AD9738A-06FD-4E8B-8192-3E882AB3CB14}.Debug|Any CPU.Build.0 = Debug|Any CPU
		{9AD9738A-06FD-4E8B-8192-3E882AB3CB14}.Release|Any CPU.ActiveCfg = Release|Any CPU
		{9AD9738A-06FD-4E8B-8192-3E882AB3CB14}.Release|Any CPU.Build.0 = Release|Any CPU
		{740B1BBB-09CF-4F92-996C-0E3F1B6DB73C}.Debug|Any CPU.ActiveCfg = Debug|Any CPU
		{740B1BBB-09CF-4F92-996C-0E3F1B6DB73C}.Debug|Any CPU.Build.0 = Debug|Any CPU
		{740B1BBB-09CF-4F92-996C-0E3F1B6DB73C}.Release|Any CPU.ActiveCfg = Release|Any CPU
		{740B1BBB-09CF-4F92-996C-0E3F1B6DB73C}.Release|Any CPU.Build.0 = Release|Any CPU
		{536A1EE3-C0C7-4872-992F-2C7CA2396581}.Debug|Any CPU.ActiveCfg = Debug|Any CPU
		{536A1EE3-C0C7-4872-992F-2C7CA2396581}.Debug|Any CPU.Build.0 = Debug|Any CPU
		{536A1EE3-C0C7-4872-992F-2C7CA2396581}.Release|Any CPU.ActiveCfg = Release|Any CPU
		{536A1EE3-C0C7-4872-992F-2C7CA2396581}.Release|Any CPU.Build.0 = Release|Any CPU
		{5E1E59DA-D485-4F2F-BC28-87918D99CA9D}.Debug|Any CPU.ActiveCfg = Debug|Any CPU
		{5E1E59DA-D485-4F2F-BC28-87918D99CA9D}.Debug|Any CPU.Build.0 = Debug|Any CPU
		{5E1E59DA-D485-4F2F-BC28-87918D99CA9D}.Release|Any CPU.ActiveCfg = Release|Any CPU
		{5E1E59DA-D485-4F2F-BC28-87918D99CA9D}.Release|Any CPU.Build.0 = Release|Any CPU
		{C2B929DF-F41F-4554-BD96-3999A35DE548}.Debug|Any CPU.ActiveCfg = Debug|Any CPU
		{C2B929DF-F41F-4554-BD96-3999A35DE548}.Debug|Any CPU.Build.0 = Debug|Any CPU
		{C2B929DF-F41F-4554-BD96-3999A35DE548}.Release|Any CPU.ActiveCfg = Release|Any CPU
		{C2B929DF-F41F-4554-BD96-3999A35DE548}.Release|Any CPU.Build.0 = Release|Any CPU
		{9154D5EE-DDB9-441E-B9EC-1E2955C7B76D}.Debug|Any CPU.ActiveCfg = Debug|Any CPU
		{9154D5EE-DDB9-441E-B9EC-1E2955C7B76D}.Debug|Any CPU.Build.0 = Debug|Any CPU
		{9154D5EE-DDB9-441E-B9EC-1E2955C7B76D}.Release|Any CPU.ActiveCfg = Release|Any CPU
		{9154D5EE-DDB9-441E-B9EC-1E2955C7B76D}.Release|Any CPU.Build.0 = Release|Any CPU
		{4B96CA89-44B2-4ABF-8B4B-6BE7F80B7242}.Debug|Any CPU.ActiveCfg = Debug|Any CPU
		{4B96CA89-44B2-4ABF-8B4B-6BE7F80B7242}.Debug|Any CPU.Build.0 = Debug|Any CPU
		{4B96CA89-44B2-4ABF-8B4B-6BE7F80B7242}.Release|Any CPU.ActiveCfg = Release|Any CPU
		{4B96CA89-44B2-4ABF-8B4B-6BE7F80B7242}.Release|Any CPU.Build.0 = Release|Any CPU
		{98027073-F36E-4842-83FC-04ED8E27ED25}.Debug|Any CPU.ActiveCfg = Debug|Any CPU
		{98027073-F36E-4842-83FC-04ED8E27ED25}.Debug|Any CPU.Build.0 = Debug|Any CPU
		{98027073-F36E-4842-83FC-04ED8E27ED25}.Release|Any CPU.ActiveCfg = Release|Any CPU
		{98027073-F36E-4842-83FC-04ED8E27ED25}.Release|Any CPU.Build.0 = Release|Any CPU
=======
		{FBBEEEEB-F3F5-45FA-9442-C8800E72FD75}.Debug|Any CPU.ActiveCfg = Debug|Any CPU
		{FBBEEEEB-F3F5-45FA-9442-C8800E72FD75}.Debug|Any CPU.Build.0 = Debug|Any CPU
		{FBBEEEEB-F3F5-45FA-9442-C8800E72FD75}.Release|Any CPU.ActiveCfg = Release|Any CPU
		{FBBEEEEB-F3F5-45FA-9442-C8800E72FD75}.Release|Any CPU.Build.0 = Release|Any CPU
		{32918C03-575A-454C-9239-51EE1B6C5DB2}.Debug|Any CPU.ActiveCfg = Debug|Any CPU
		{32918C03-575A-454C-9239-51EE1B6C5DB2}.Debug|Any CPU.Build.0 = Debug|Any CPU
		{32918C03-575A-454C-9239-51EE1B6C5DB2}.Release|Any CPU.ActiveCfg = Release|Any CPU
		{32918C03-575A-454C-9239-51EE1B6C5DB2}.Release|Any CPU.Build.0 = Release|Any CPU
		{BB152068-F164-41C5-83DC-9ED786985D06}.Debug|Any CPU.ActiveCfg = Debug|Any CPU
		{BB152068-F164-41C5-83DC-9ED786985D06}.Debug|Any CPU.Build.0 = Debug|Any CPU
		{BB152068-F164-41C5-83DC-9ED786985D06}.Release|Any CPU.ActiveCfg = Release|Any CPU
		{BB152068-F164-41C5-83DC-9ED786985D06}.Release|Any CPU.Build.0 = Release|Any CPU
		{9A60C026-297A-4370-9831-A81754AF86CB}.Debug|Any CPU.ActiveCfg = Debug|Any CPU
		{9A60C026-297A-4370-9831-A81754AF86CB}.Debug|Any CPU.Build.0 = Debug|Any CPU
		{9A60C026-297A-4370-9831-A81754AF86CB}.Release|Any CPU.ActiveCfg = Release|Any CPU
		{9A60C026-297A-4370-9831-A81754AF86CB}.Release|Any CPU.Build.0 = Release|Any CPU
		{278D9010-9D4F-4839-9CC5-BAEAFB409B96}.Debug|Any CPU.ActiveCfg = Debug|Any CPU
		{278D9010-9D4F-4839-9CC5-BAEAFB409B96}.Debug|Any CPU.Build.0 = Debug|Any CPU
		{278D9010-9D4F-4839-9CC5-BAEAFB409B96}.Release|Any CPU.ActiveCfg = Release|Any CPU
		{278D9010-9D4F-4839-9CC5-BAEAFB409B96}.Release|Any CPU.Build.0 = Release|Any CPU
		{4E83142A-9F82-4CB6-AB5C-78AAEEB3C278}.Debug|Any CPU.ActiveCfg = Debug|Any CPU
		{4E83142A-9F82-4CB6-AB5C-78AAEEB3C278}.Debug|Any CPU.Build.0 = Debug|Any CPU
		{4E83142A-9F82-4CB6-AB5C-78AAEEB3C278}.Release|Any CPU.ActiveCfg = Release|Any CPU
		{4E83142A-9F82-4CB6-AB5C-78AAEEB3C278}.Release|Any CPU.Build.0 = Release|Any CPU
		{88C41F6E-3C31-475B-8BBA-477E4EDAFB47}.Debug|Any CPU.ActiveCfg = Debug|Any CPU
		{88C41F6E-3C31-475B-8BBA-477E4EDAFB47}.Debug|Any CPU.Build.0 = Debug|Any CPU
		{88C41F6E-3C31-475B-8BBA-477E4EDAFB47}.Release|Any CPU.ActiveCfg = Release|Any CPU
		{88C41F6E-3C31-475B-8BBA-477E4EDAFB47}.Release|Any CPU.Build.0 = Release|Any CPU
		{A1637DB6-3DE9-4DEF-B8C3-7FD8A503F96C}.Debug|Any CPU.ActiveCfg = Debug|Any CPU
		{A1637DB6-3DE9-4DEF-B8C3-7FD8A503F96C}.Debug|Any CPU.Build.0 = Debug|Any CPU
		{A1637DB6-3DE9-4DEF-B8C3-7FD8A503F96C}.Release|Any CPU.ActiveCfg = Release|Any CPU
		{A1637DB6-3DE9-4DEF-B8C3-7FD8A503F96C}.Release|Any CPU.Build.0 = Release|Any CPU
		{5119E03D-698D-4A3E-8E33-4FB44D322865}.Debug|Any CPU.ActiveCfg = Debug|Any CPU
		{5119E03D-698D-4A3E-8E33-4FB44D322865}.Debug|Any CPU.Build.0 = Debug|Any CPU
		{5119E03D-698D-4A3E-8E33-4FB44D322865}.Release|Any CPU.ActiveCfg = Release|Any CPU
		{5119E03D-698D-4A3E-8E33-4FB44D322865}.Release|Any CPU.Build.0 = Release|Any CPU
		{7BD07E36-3E63-412E-AFEF-F335D3C5DC30}.Debug|Any CPU.ActiveCfg = Debug|Any CPU
		{7BD07E36-3E63-412E-AFEF-F335D3C5DC30}.Debug|Any CPU.Build.0 = Debug|Any CPU
		{7BD07E36-3E63-412E-AFEF-F335D3C5DC30}.Release|Any CPU.ActiveCfg = Release|Any CPU
		{7BD07E36-3E63-412E-AFEF-F335D3C5DC30}.Release|Any CPU.Build.0 = Release|Any CPU
>>>>>>> dev
	EndGlobalSection
	GlobalSection(SolutionProperties) = preSolution
		HideSolutionNode = FALSE
	EndGlobalSection
	GlobalSection(ExtensibilityGlobals) = postSolution
		SolutionGuid = {4236C3AF-4EFF-483C-82B0-9EDF394D6AE0}
	EndGlobalSection
EndGlobal
